
Microsoft Visual Studio Solution File, Format Version 12.00
# Visual Studio Version 17
VisualStudioVersion = 17.7.34031.279
MinimumVisualStudioVersion = 10.0.40219.1
Project("{FAE04EC0-301F-11D3-BF4B-00C04F79EFBC}") = "DmFrame", "DmFrame\DmFrame.csproj", "{9E27F33E-57DB-44CB-A628-86E3CFD1420E}"
EndProject
Global
	GlobalSection(SolutionConfigurationPlatforms) = preSolution
		Debug|Any CPU = Debug|Any CPU
		Release|Any CPU = Release|Any CPU
	EndGlobalSection
	GlobalSection(ProjectConfigurationPlatforms) = postSolution
		{9E27F33E-57DB-44CB-A628-86E3CFD1420E}.Debug|Any CPU.ActiveCfg = Debug|Any CPU
		{9E27F33E-57DB-44CB-A628-86E3CFD1420E}.Debug|Any CPU.Build.0 = Debug|Any CPU
		{9E27F33E-57DB-44CB-A628-86E3CFD1420E}.Release|Any CPU.ActiveCfg = Release|Any CPU
		{9E27F33E-57DB-44CB-A628-86E3CFD1420E}.Release|Any CPU.Build.0 = Release|Any CPU
	EndGlobalSection
	GlobalSection(SolutionProperties) = preSolution
		HideSolutionNode = FALSE
	EndGlobalSection
	GlobalSection(ExtensibilityGlobals) = postSolution
		SolutionGuid = {BC1108D0-B7B6-4521-B4D4-AB94A50F106B}
	EndGlobalSection
EndGlobal
